# ── Apologia corpus manifest ────────────────────────────────────────────────
#
# GENERATED by `npm run ingest`. Do not edit by hand.
#
# The artefact ADR-004 asks a corpus refresh to leave behind: what was fetched,
# what it parsed to, and the hashes that tie an eval report to the exact corpus
# it was measured over.
#
# ⚠️ SHIPS UNDER ADR-003. Locators, hashes, counts and URLs only — no corpus
# text. `content_hash` is over the NORMALISED UNITS rather than the fetched
# HTML, so a re-theming of a source that changes no words does not present as a
# corpus revision; the per-page `raw_hash` values answer the separate question
# of what exactly was downloaded.

generated_at: '2026-09-07T15:21:52.492Z'
corpus_hash: 09158f07fe4274739bb94142d37edd5b9e7d9b37526bc906ae5028492c7a0053
documents:
  - source: ccc
    language: hu
    revision: 1997+2018
    edition: null
    encoding: utf-8
    index_url: https://katolikus.hu/cikk/a-katolikus-egyhaz-katekizmusa
    parser: katolikus-hu-numbered-paragraph
    chunking: numbered-paragraph@1
    content_hash: f4b7626da0dca604361292a16c5fe04b82ce4a10a651155b3eeb46c833c1accb
    unit_count: 2865
    chunk_count: 2865
    assertions:
      ok: true
      undeclared: 0
      allowances_stale: 0
    unnumbered_pages:
      - kek-005-006
      - kek-007-008
      - kek-009-011
      - kek-012-016
      - kek-targymutato
    skipped:
      heading-allcaps: 386
      heading-empty: 6
      heading-nav: 25
      heading-bold: 525
      numeric-lead-uncorroborated: 1
    pages:
      - slug: kek-005-006
        raw_hash: 2c60b8dc13b085d862c4182d93765fff4d4c758ead3c01716192542a03629bc8
      - slug: kek-007-008
        raw_hash: c21a09ae6dd444460294f7bcf85d893ff80dfb121a7ef061aaf7c8ef31ea6037
      - slug: kek-009-011
        raw_hash: ba1876204a47bea6bd347c82bcc0870f4493d040d20c330b3719a40a9c238ffc
      - slug: kek-012-016
        raw_hash: 20a379a143c0b4fea57244e25ea164d01531d2531f08424b08f600574d850e7f
      - slug: kek-017-022
        raw_hash: 354e5c26630f678c3924f10284a95c690c5a746a429ed7541b16f27e51c507c3
      - slug: kek-023-030
        raw_hash: a6912b3db58b70e8204c6d01c6c7d1cd054ba8e205cedb512fbed2602ad3d920
      - slug: kek-031-051
        raw_hash: d9c8bdb6ee36f1ca06e2c784d6c2dc612a090dbc713396da51d7c1fc429b959f
      - slug: kek-052-063
        raw_hash: 667d50c5124819c66437e723ca94965137e632843a8ee8eb57d465bfdd8ec885
      - slug: kek-064-066
        raw_hash: 4f403cd5c32ac174980e284668f07c85a7496bb9d8611132f44b7e8ff650a665
      - slug: kek-067-120
        raw_hash: baf997ff41af83d2b9dc4d5fd0ffe5658fb5186bb1331d6a2a2eae476f951cca
      - slug: kek-121-198
        raw_hash: aa5297583a0b2c60b26ecede95f0a0ed69429eccc914e0f7bbb3e00bbabf6289
      - slug: kek-199-298
        raw_hash: 8df087085a5e20de4c97676702ecb68e0fcf8109e262feebf41622c1c8dec78e
      - slug: kek-299-303
        raw_hash: 5b054f1d86305cc4df73f007696849eac74a8eb5b7edf3dae4bbdef9fde31241
      - slug: kek-305-319
        raw_hash: efcbecc56d42a9932afe5b0394d7231efe72c340d8aa819b61e4004cfb73d190
      - slug: kek-320-337
        raw_hash: 4e4b02c9ebcec77487cdfde0e025c5c640a07515db69eecf9e473c75526886d0
      - slug: kek-338-387
        raw_hash: 8622f59a21f7500de7a9be19b32947926a36ce22d52af407cb5be573e5ecfade
      - slug: kek-388-414
        raw_hash: 6359c1bafd90d5314cd2bb356206b8cba9202b6a24a29874645f32e69a1e1f86
      - slug: kek-415-448
        raw_hash: 7f1ae0e20235bd4e3c3073adc958d717148e6780bfe4d9fc2be70e6aa07cceb6
      - slug: kek-449-454
        raw_hash: abb958ae051e61d584f02154cb8261ef69218461e9db6e3bf40f554fa50139bc
      - slug: kek-455-459
        raw_hash: a156395a6558edf9c3d7b7daea1a76116797c24518ba39d4dcb0b2c1240e11fb
      - slug: kek-461-495
        raw_hash: e4e38daf613b8a794292556fffe7865278a51c77b157dc4fa68aa3d93b0e98c8
      - slug: kek-496-509
        raw_hash: ffa833418380490f1bcfc41f42c67f2c14896ccd0d4f9c1773442d47ca412931
      - slug: kek-510-533
        raw_hash: 8b77cf431b48079b98f69628853ec0a0e408e2aa94fb2492bc6caf23db4e0027
      - slug: kek-534-540
        raw_hash: dee316c8df65b45ccb47cff347dfbb5f18438242ebd954e4795a971b95df7f13
      - slug: kek-541-565
        raw_hash: b01a4da09737bf5bd25eba6ac6fcc18fa1119f751ee9e220b1e94e8b308c032f
      - slug: kek-566-644
        raw_hash: ec2fdfb53e1adc125225772d40e7b706d731418724745e24d3850f33a709abf5
      - slug: kek-645-649
        raw_hash: a9c69cc842ca27c5cdf76caaf701718a7e0915a049f9d96b7d379af9135f0b16
      - slug: kek-650-670
        raw_hash: e128e03ac9d8f955ccd8f9de18a24f7f03473b9e6562902d0d2bf312f0d0d06b
      - slug: kek-671-682
        raw_hash: 99c75db5c00179973f87eb83535c1de102be84e36cfc3e9917dda020ac327ca8
      - slug: kek-683-696
        raw_hash: 9ae789ffe4c3e741ad5f9522d1e2ce847f489705461bfd8186f7c6c23571b0c5
      - slug: kek-697-723
        raw_hash: 1a8cf113da988a98788a045c6cc7e81f50772d1b1ae55ec0b0d7b33c9c09b2f7
      - slug: kek-targymutato
        raw_hash: 75caed45a792e712fee67ae9036734f00aeee0cdae3f0f2b6f7b39167fa754d1
